
Microsoft Visual Studio Solution File, Format Version 12.00
# Visual Studio 15
VisualStudioVersion = 15.0.26430.16
MinimumVisualStudioVersion = 10.0.40219.1
Project("{2150E333-8FDC-42A3-9474-1A3956D46DE8}") = "Tests", "Tests", "{FD2125D2-0FF2-40CA-BAF8-1701C040C2C7}"
EndProject
Project("{2150E333-8FDC-42A3-9474-1A3956D46DE8}") = "Solution Items", "Solution Items", "{8C6D0381-19DA-44B6-85E2-9E0DA1C311D4}"
	ProjectSection(SolutionItems) = preProject
		.gitignore = .gitignore
	EndProjectSection
EndProject
Project("{FAE04EC0-301F-11D3-BF4B-00C04F79EFBC}") = "TFS.Tests", "src\TFS.Tests\TFS.Tests.csproj", "{04457616-5963-4B84-80FA-A38809738DD5}"
EndProject
Project("{FAE04EC0-301F-11D3-BF4B-00C04F79EFBC}") = "Core", "src\Core\Core.csproj", "{1DFD108D-A7AB-437D-ACE9-9816B3D53DB7}"
EndProject
Project("{FAE04EC0-301F-11D3-BF4B-00C04F79EFBC}") = "TFS", "src\TFS\TFS.csproj", "{FD9DDFF7-30E2-407D-B9FB-0039EDF86698}"
EndProject
Project("{9A19103F-16F7-4668-BE54-9A1E7A4F7556}") = "Web", "src\Web\Web.csproj", "{59F565B6-C9B7-4507-A3C8-353E56F3CFC5}"
EndProject
Global
	GlobalSection(SolutionConfigurationPlatforms) = preSolution
		Debug|Any CPU = Debug|Any CPU
		Release|Any CPU = Release|Any CPU
	EndGlobalSection
	GlobalSection(ProjectConfigurationPlatforms) = postSolution
		{04457616-5963-4B84-80FA-A38809738DD5}.Debug|Any CPU.ActiveCfg = Debug|Any CPU
		{04457616-5963-4B84-80FA-A38809738DD5}.Debug|Any CPU.Build.0 = Debug|Any CPU
		{04457616-5963-4B84-80FA-A38809738DD5}.Release|Any CPU.ActiveCfg = Release|Any CPU
		{04457616-5963-4B84-80FA-A38809738DD5}.Release|Any CPU.Build.0 = Release|Any CPU
		{1DFD108D-A7AB-437D-ACE9-9816B3D53DB7}.Debug|Any CPU.ActiveCfg = Debug|Any CPU
		{1DFD108D-A7AB-437D-ACE9-9816B3D53DB7}.Debug|Any CPU.Build.0 = Debug|Any CPU
		{1DFD108D-A7AB-437D-ACE9-9816B3D53DB7}.Release|Any CPU.ActiveCfg = Release|Any CPU
		{1DFD108D-A7AB-437D-ACE9-9816B3D53DB7}.Release|Any CPU.Build.0 = Release|Any CPU
		{FD9DDFF7-30E2-407D-B9FB-0039EDF86698}.Debug|Any CPU.ActiveCfg = Debug|Any CPU
		{FD9DDFF7-30E2-407D-B9FB-0039EDF86698}.Debug|Any CPU.Build.0 = Debug|Any CPU
		{FD9DDFF7-30E2-407D-B9FB-0039EDF86698}.Release|Any CPU.ActiveCfg = Release|Any CPU
		{FD9DDFF7-30E2-407D-B9FB-0039EDF86698}.Release|Any CPU.Build.0 = Release|Any CPU
		{59F565B6-C9B7-4507-A3C8-353E56F3CFC5}.Debug|Any CPU.ActiveCfg = Debug|Any CPU
		{59F565B6-C9B7-4507-A3C8-353E56F3CFC5}.Debug|Any CPU.Build.0 = Debug|Any CPU
		{59F565B6-C9B7-4507-A3C8-353E56F3CFC5}.Release|Any CPU.ActiveCfg = Release|Any CPU
		{59F565B6-C9B7-4507-A3C8-353E56F3CFC5}.Release|Any CPU.Build.0 = Release|Any CPU
	EndGlobalSection
	GlobalSection(SolutionProperties) = preSolution
		HideSolutionNode = FALSE
	EndGlobalSection
	GlobalSection(NestedProjects) = preSolution
		{04457616-5963-4B84-80FA-A38809738DD5} = {FD2125D2-0FF2-40CA-BAF8-1701C040C2C7}
	EndGlobalSection
EndGlobal
